{
  "name": "random-walk",
  "version": "0.1.8",
  "lockfileVersion": 1,
  "requires": true,
  "dependencies": {
    "babel-runtime": {
      "version": "6.26.0",
      "resolved": "https://registry.npmjs.org/babel-runtime/-/babel-runtime-6.26.0.tgz",
      "integrity": "sha1-llxwWGaOgrVde/4E/yM3vItWR/4=",
      "requires": {
        "core-js": "^2.4.0",
        "regenerator-runtime": "^0.11.0"
      }
    },
    "bent": {
      "version": "7.3.12",
      "resolved": "https://registry.npmjs.org/bent/-/bent-7.3.12.tgz",
      "integrity": "sha512-T3yrKnVGB63zRuoco/7Ybl7BwwGZR0lceoVG5XmQyMIH9s19SV5m+a8qam4if0zQuAmOQTyPTPmsQBdAorGK3w==",
      "requires": {
        "bytesish": "^0.4.1",
        "caseless": "~0.12.0",
        "is-stream": "^2.0.0"
      }
    },
    "bytesish": {
      "version": "0.4.4",
      "resolved": "https://registry.npmjs.org/bytesish/-/bytesish-0.4.4.tgz",
      "integrity": "sha512-i4uu6M4zuMUiyfZN4RU2+i9+peJh//pXhd9x1oSe1LBkZ3LEbCoygu8W0bXTukU1Jme2txKuotpCZRaC3FLxcQ=="
    },
    "caseless": {
      "version": "0.12.0",
      "resolved": "https://registry.npmjs.org/caseless/-/caseless-0.12.0.tgz",
      "integrity": "sha1-G2gcIf+EAzyCZUMJBolCDRhxUdw="
    },
    "core-js": {
      "version": "2.6.11",
      "resolved": "https://registry.npmjs.org/core-js/-/core-js-2.6.11.tgz",
      "integrity": "sha512-5wjnpaT/3dV+XB4borEsnAYQchn00XSgTAWKDkEqv+K8KevjbzmofK6hfJ9TZIlpj2N0xQpazy7PiRQiWHqzWg=="
    },
    "crypto": {
      "version": "1.0.1",
      "resolved": "https://registry.npmjs.org/crypto/-/crypto-1.0.1.tgz",
      "integrity": "sha512-VxBKmeNcqQdiUQUW2Tzq0t377b54N2bMtXO/qiLa+6eRRmmC4qT3D4OnTGoT/U6O9aklQ/jTwbOtRMTTY8G0Ig=="
    },
    "events": {
      "version": "3.2.0",
      "resolved": "https://registry.npmjs.org/events/-/events-3.2.0.tgz",
      "integrity": "sha512-/46HWwbfCX2xTawVfkKLGxMifJYQBWMwY1mjywRtb4c9x8l5NP3KoJtnIOiL1hfdRkIuYhETxQlo62IF8tcnlg=="
    },
    "is-stream": {
      "version": "2.0.0",
      "resolved": "https://registry.npmjs.org/is-stream/-/is-stream-2.0.0.tgz",
      "integrity": "sha512-XCoy+WlUr7d1+Z8GgSuXmpuUFC9fOhRXglJMx+dwLKTkL44Cjd4W1Z5P+BQZpr+cR93aGP4S/s7Ftw6Nd/kiEw=="
    },
    "ow": {
      "version": "0.4.0",
      "resolved": "https://registry.npmjs.org/ow/-/ow-0.4.0.tgz",
      "integrity": "sha512-kJNzxUgVd6EF5LoGs+s2/etJPwjfRDLXPTCfEgV8At77sRrV+PSFA8lcoW2HF15Qd455mIR2Stee/2MzDiFBDA=="
    },
    "ow-lite": {
      "version": "0.0.2",
      "resolved": "https://registry.npmjs.org/ow-lite/-/ow-lite-0.0.2.tgz",
      "integrity": "sha1-359QDmdAtlkKHpqWVzDUmo61l9E="
    },
    "random": {
      "version": "2.2.0",
      "resolved": "https://registry.npmjs.org/random/-/random-2.2.0.tgz",
      "integrity": "sha512-4HBR4Xye4jJ41QBi6RfIaO1yKQpxVUZafQtdE6NvvjzirNlwWgsk3tkGLTbQtWUarF4ofZsUVEmWqB1TDQlkwA==",
      "requires": {
        "babel-runtime": "^6.26.0",
        "ow": "^0.4.0",
        "ow-lite": "^0.0.2",
        "seedrandom": "^3.0.5"
      }
    },
    "regenerator-runtime": {
      "version": "0.11.1",
      "resolved": "https://registry.npmjs.org/regenerator-runtime/-/regenerator-runtime-0.11.1.tgz",
      "integrity": "sha512-MguG95oij0fC3QV3URf4V2SDYGJhJnJGqvIIgdECeODCT98wSWDAJ94SSuVpYQUoTcGUIL6L4yNB7j1DFFHSBg=="
    },
    "seedrandom": {
      "version": "3.0.5",
      "resolved": "https://registry.npmjs.org/seedrandom/-/seedrandom-3.0.5.tgz",
      "integrity": "sha512-8OwmbklUNzwezjGInmZ+2clQmExQPvomqjL7LFqOYqtmuxRgQYqOD3mHaU+MvZn5FLUeVxVfQjwLZW/n/JFuqg=="
    }
  }
}
